// !$*UTF8*$!
{
	archiveVersion = 1;
	classes = {
	};
	objectVersion = 77;
	objects = {

/* Begin PBXContainerItemProxy section */
		B6CA22F82D8BD14800D81C7D /* PBXContainerItemProxy */ = {
			isa = PBXContainerItemProxy;
			containerPortal = B6CA22DB2D8BD14700D81C7D /* Project object */;
			proxyType = 1;
			remoteGlobalIDString = B6CA22E22D8BD14700D81C7D;
			remoteInfo = foodies;
		};
		B6CA23022D8BD14800D81C7D /* PBXContainerItemProxy */ = {
			isa = PBXContainerItemProxy;
			containerPortal = B6CA22DB2D8BD14700D81C7D /* Project object */;
			proxyType = 1;
			remoteGlobalIDString = B6CA22E22D8BD14700D81C7D;
			remoteInfo = foodies;
		};
/* End PBXContainerItemProxy section */

/* Begin PBXFileReference section */
		B6CA22E32D8BD14700D81C7D /* foodies.app */ = {isa = PBXFileReference; explicitFileType = wrapper.application; includeInIndex = 0; path = foodies.app; sourceTree = BUILT_PRODUCTS_DIR; };
		B6CA22F72D8BD14800D81C7D /* foodiesTests.xctest */ = {isa = PBXFileReference; explicitFileType = wrapper.cfbundle; includeInIndex = 0; path = foodiesTests.xctest; sourceTree = BUILT_PRODUCTS_DIR; };
		B6CA23012D8BD14800D81C7D /* foodiesUITests.xctest */ = {isa = PBXFileReference; explicitFileType = wrapper.cfbundle; includeInIndex = 0; path = foodiesUITests.xctest; sourceTree = BUILT_PRODUCTS_DIR; };
/* End PBXFileReference section */

/* Begin PBXFileSystemSynchronizedBuildFileExceptionSet section */
		B6CA23092D8BD14800D81C7D /* Exceptions for "foodies" folder in "foodies" target */ = {
			isa = PBXFileSystemSynchronizedBuildFileExceptionSet;
			membershipExceptions = (
				Info.plist,
			);
			target = B6CA22E22D8BD14700D81C7D /* foodies */;
		};
/* End PBXFileSystemSynchronizedBuildFileExceptionSet section */

/* Begin PBXFileSystemSynchronizedRootGroup section */
		B6CA22E52D8BD14700D81C7D /* foodies */ = {
			isa = PBXFileSystemSynchronizedRootGroup;
			exceptions = (
				B6CA23092D8BD14800D81C7D /* Exceptions for "foodies" folder in "foodies" target */,
			);
			path = foodies;
			sourceTree = "<group>";
		};
		B6CA22FA2D8BD14800D81C7D /* foodiesTests */ = {
			isa = PBXFileSystemSynchronizedRootGroup;
			path = foodiesTests;
			sourceTree = "<group>";
		};
		B6CA23042D8BD14800D81C7D /* foodiesUITests */ = {
			isa = PBXFileSystemSynchronizedRootGroup;
			path = foodiesUITests;
			sourceTree = "<group>";
		};
/* End PBXFileSystemSynchronizedRootGroup section */

/* Begin PBXFrameworksBuildPhase section */
		B6CA22E02D8BD14700D81C7D /* Frameworks */ = {
			isa = PBXFrameworksBuildPhase;
			buildActionMask = 2147483647;
			files = (
			);
			runOnlyForDeploymentPostprocessing = 0;
		};
		B6CA22F42D8BD14800D81C7D /* Frameworks */ = {
			isa = PBXFrameworksBuildPhase;
			buildActionMask = 2147483647;
			files = (
			);
			runOnlyForDeploymentPostprocessing = 0;
		};
		B6CA22FE2D8BD14800D81C7D /* Frameworks */ = {
			isa = PBXFrameworksBuildPhase;
			buildActionMask = 2147483647;
			files = (
			);
			runOnlyForDeploymentPostprocessing = 0;
		};
/* End PBXFrameworksBuildPhase section */

/* Begin PBXGroup section */
		B6CA22DA2D8BD14700D81C7D = {
			isa = PBXGroup;
			children = (
				B6CA22E52D8BD14700D81C7D /* foodies */,
				B6CA22FA2D8BD14800D81C7D /* foodiesTests */,
				B6CA23042D8BD14800D81C7D /* foodiesUITests */,
				B6CA22E42D8BD14700D81C7D /* Products */,
			);
			sourceTree = "<group>";
		};
		B6CA22E42D8BD14700D81C7D /* Products */ = {
			isa = PBXGroup;
			children = (
				B6CA22E32D8BD14700D81C7D /* foodies.app */,
				B6CA22F72D8BD14800D81C7D /* foodiesTests.xctest */,
				B6CA23012D8BD14800D81C7D /* foodiesUITests.xctest */,
			);
			name = Products;
			sourceTree = "<group>";
		};
/* End PBXGroup section */

/* Begin PBXNativeTarget section */
		B6CA22E22D8BD14700D81C7D /* foodies */ = {
			isa = PBXNativeTarget;
			buildConfigurationList = B6CA230A2D8BD14800D81C7D /* Build configuration list for PBXNativeTarget "foodies" */;
			buildPhases = (
				B6CA22DF2D8BD14700D81C7D /* Sources */,
				B6CA22E02D8BD14700D81C7D /* Frameworks */,
				B6CA22E12D8BD14700D81C7D /* Resources */,
			);
			buildRules = (
			);
			dependencies = (
			);
			fileSystemSynchronizedGroups = (
				B6CA22E52D8BD14700D81C7D /* foodies */,
			);
			name = foodies;
			packageProductDependencies = (
			);
			productName = foodies;
			productReference = B6CA22E32D8BD14700D81C7D /* foodies.app */;
			productType = "com.apple.product-type.application";
		};
		B6CA22F62D8BD14800D81C7D /* foodiesTests */ = {
			isa = PBXNativeTarget;
			buildConfigurationList = B6CA230F2D8BD14800D81C7D /* Build configuration list for PBXNativeTarget "foodiesTests" */;
			buildPhases = (
				B6CA22F32D8BD14800D81C7D /* Sources */,
				B6CA22F42D8BD14800D81C7D /* Frameworks */,
				B6CA22F52D8BD14800D81C7D /* Resources */,
			);
			buildRules = (
			);
			dependencies = (
				B6CA22F92D8BD14800D81C7D /* PBXTargetDependency */,
			);
			fileSystemSynchronizedGroups = (
				B6CA22FA2D8BD14800D81C7D /* foodiesTests */,
			);
			name = foodiesTests;
			packageProductDependencies = (
			);
			productName = foodiesTests;
			productReference = B6CA22F72D8BD14800D81C7D /* foodiesTests.xctest */;
			productType = "com.apple.product-type.bundle.unit-test";
		};
		B6CA23002D8BD14800D81C7D /* foodiesUITests */ = {
			isa = PBXNativeTarget;
			buildConfigurationList = B6CA23122D8BD14800D81C7D /* Build configuration list for PBXNativeTarget "foodiesUITests" */;
			buildPhases = (
				B6CA22FD2D8BD14800D81C7D /* Sources */,
				B6CA22FE2D8BD14800D81C7D /* Frameworks */,
				B6CA22FF2D8BD14800D81C7D /* Resources */,
			);
			buildRules = (
			);
			dependencies = (
				B6CA23032D8BD14800D81C7D /* PBXTargetDependency */,
			);
			fileSystemSynchronizedGroups = (
				B6CA23042D8BD14800D81C7D /* foodiesUITests */,
			);
			name = foodiesUITests;
			packageProductDependencies = (
			);
			productName = foodiesUITests;
			productReference = B6CA23012D8BD14800D81C7D /* foodiesUITests.xctest */;
			productType = "com.apple.product-type.bundle.ui-testing";
		};
/* End PBXNativeTarget section */

/* Begin PBXProject section */
		B6CA22DB2D8BD14700D81C7D /* Project object */ = {
			isa = PBXProject;
			attributes = {
				BuildIndependentTargetsInParallel = 1;
				LastSwiftUpdateCheck = 1620;
				LastUpgradeCheck = 1620;
				TargetAttributes = {
					B6CA22E22D8BD14700D81C7D = {
						CreatedOnToolsVersion = 16.2;
					};
					B6CA22F62D8BD14800D81C7D = {
						CreatedOnToolsVersion = 16.2;
						TestTargetID = B6CA22E22D8BD14700D81C7D;
					};
					B6CA23002D8BD14800D81C7D = {
						CreatedOnToolsVersion = 16.2;
						TestTargetID = B6CA22E22D8BD14700D81C7D;
					};
				};
			};
			buildConfigurationList = B6CA22DE2D8BD14700D81C7D /* Build configuration list for PBXProject "foodies" */;
			developmentRegion = en;
			hasScannedForEncodings = 0;
			knownRegions = (
				en,
				Base,
			);
			mainGroup = B6CA22DA2D8BD14700D81C7D;
			minimizedProjectReferenceProxies = 1;
			preferredProjectObjectVersion = 77;
			productRefGroup = B6CA22E42D8BD14700D81C7D /* Products */;
			projectDirPath = "";
			projectRoot = "";
			targets = (
				B6CA22E22D8BD14700D81C7D /* foodies */,
				B6CA22F62D8BD14800D81C7D /* foodiesTests */,
				B6CA23002D8BD14800D81C7D /* foodiesUITests */,
			);
		};
/* End PBXProject section */

/* Begin PBXResourcesBuildPhase section */
		B6CA22E12D8BD14700D81C7D /* Resources */ = {
			isa = PBXResourcesBuildPhase;
			buildActionMask = 2147483647;
			files = (
			);
			runOnlyForDeploymentPostprocessing = 0;
		};
		B6CA22F52D8BD14800D81C7D /* Resources */ = {
			isa = PBXResourcesBuildPhase;
			buildActionMask = 2147483647;
			files = (
			);
			runOnlyForDeploymentPostprocessing = 0;
		};
		B6CA22FF2D8BD14800D81C7D /* Resources */ = {
			isa = PBXResourcesBuildPhase;
			buildActionMask = 2147483647;
			files = (
			);
			runOnlyForDeploymentPostprocessing = 0;
		};
/* End PBXResourcesBuildPhase section */

/* Begin PBXSourcesBuildPhase section */
		B6CA22DF2D8BD14700D81C7D /* Sources */ = {
			isa = PBXSourcesBuildPhase;
			buildActionMask = 2147483647;
			files = (
			);
			runOnlyForDeploymentPostprocessing = 0;
		};
		B6CA22F32D8BD14800D81C7D /* Sources */ = {
			isa = PBXSourcesBuildPhase;
			buildActionMask = 2147483647;
			files = (
			);
			runOnlyForDeploymentPostprocessing = 0;
		};
		B6CA22FD2D8BD14800D81C7D /* Sources */ = {
			isa = PBXSourcesBuildPhase;
			buildActionMask = 2147483647;
			files = (
			);
			runOnlyForDeploymentPostprocessing = 0;
		};
/* End PBXSourcesBuildPhase section */

/* Begin PBXTargetDependency section */
		B6CA22F92D8BD14800D81C7D /* PBXTargetDependency */ = {
			isa = PBXTargetDependency;
			target = B6CA22E22D8BD14700D81C7D /* foodies */;
			targetProxy = B6CA22F82D8BD14800D81C7D /* PBXContainerItemProxy */;
		};
		B6CA23032D8BD14800D81C7D /* PBXTargetDependency */ = {
			isa = PBXTargetDependency;
			target = B6CA22E22D8BD14700D81C7D /* foodies */;
			targetProxy = B6CA23022D8BD14800D81C7D /* PBXContainerItemProxy */;
		};
/* End PBXTargetDependency section */

/* Begin XCBuildConfiguration section */
		B6CA230B2D8BD14800D81C7D /* Debug */ = {
			isa = XCBuildConfiguration;
			buildSettings = {
				ASSETCATALOG_COMPILER_APPICON_NAME = AppIcon;
				ASSETCATALOG_COMPILER_GLOBAL_ACCENT_COLOR_NAME = AccentColor;
				CODE_SIGN_ENTITLEMENTS = foodies/foodies.entitlements;
				CODE_SIGN_STYLE = Automatic;
				CURRENT_PROJECT_VERSION = 1;
				DEVELOPMENT_ASSET_PATHS = "\"foodies/Preview Content\"";
				DEVELOPMENT_TEAM = 8S39J449B7;
				ENABLE_PREVIEWS = YES;
				GENERATE_INFOPLIST_FILE = YES;
				INFOPLIST_FILE = foodies/Info.plist;
				INFOPLIST_KEY_UIApplicationSceneManifest_Generation = YES;
				INFOPLIST_KEY_UIApplicationSupportsIndirectInputEvents = YES;
				INFOPLIST_KEY_UILaunchScreen_Generation = YES;
				INFOPLIST_KEY_UISupportedInterfaceOrientations_iPad = "UIInterfaceOrientationPortrait UIInterfaceOrientationPortraitUpsideDown UIInterfaceOrientationLandscapeLeft UIInterfaceOrientationLandscapeRight";
				INFOPLIST_KEY_UISupportedInterfaceOrientations_iPhone = "UIInterfaceOrientationPortrait UIInterfaceOrientationLandscapeLeft UIInterfaceOrientationLandscapeRight";
				LD_RUNPATH_SEARCH_PATHS = (
					"$(inherited)",
					"@executable_path/Frameworks",
				);
				MARKETING_VERSION = 1.0;
				PRODUCT_BUNDLE_IDENTIFIER = bryanbram.foodies;
				PRODUCT_NAME = "$(TARGET_NAME)";
				SWIFT_EMIT_LOC_STRINGS = YES;
				SWIFT_VERSION = 5.0;
				TARGETED_DEVICE_FAMILY = "1,2";
			};
			name = Debug;
		};
		B6CA230C2D8BD14800D81C7D /* Release */ = {
			isa = XCBuildConfiguration;
			buildSettings = {
				ASSETCATALOG_COMPILER_APPICON_NAME = AppIcon;
				ASSETCATALOG_COMPILER_GLOBAL_ACCENT_COLOR_NAME = AccentColor;
				CODE_SIGN_ENTITLEMENTS = foodies/foodies.entitlements;
				CODE_SIGN_STYLE = Automatic;
				CURRENT_PROJECT_VERSION = 1;
				DEVELOPMENT_ASSET_PATHS = "\"foodies/Preview Content\"";
				DEVELOPMENT_TEAM = 8S39J449B7;
				ENABLE_PREVIEWS = YES;
				GENERATE_INFOPLIST_FILE = YES;
				INFOPLIST_FILE = foodies/Info.plist;
				INFOPLIST_KEY_UIApplicationSceneManifest_Generation = YES;
				INFOPLIST_KEY_UIApplicationSupportsIndirectInputEvents = YES;
				INFOPLIST_KEY_UILaunchScreen_Generation = YES;
				INFOPLIST_KEY_UISupportedInterfaceOrientations_iPad = "UIInterfaceOrientationPortrait UIInterfaceOrientationPortraitUpsideDown UIInterfaceOrientationLandscapeLeft UIInterfaceOrientationLandscapeRight";
				INFOPLIST_KEY_UISupportedInterfaceOrientations_iPhone = "UIInterfaceOrientationPortrait UIInterfaceOrientationLandscapeLeft UIInterfaceOrientationLandscapeRight";
				LD_RUNPATH_SEARCH_PATHS = (
					"$(inherited)",
					"@executable_path/Frameworks",
				);
				MARKETING_VERSION = 1.0;
				PRODUCT_BUNDLE_IDENTIFIER = bryanbram.foodies;
				PRODUCT_NAME = "$(TARGET_NAME)";
				SWIFT_EMIT_LOC_STRINGS = YES;
				SWIFT_VERSION = 5.0;
				TARGETED_DEVICE_FAMILY = "1,2";
			};
			name = Release;
		};
		B6CA230D2D8BD14800D81C7D /* Debug */ = {
			isa = XCBuildConfiguration;
			buildSettings = {
				ALWAYS_SEARCH_USER_PATHS = NO;
				ASSETCATALOG_COMPILER_GENERATE_SWIFT_ASSET_SYMBOL_EXTENSIONS = YES;
				CLANG_ANALYZER_NONNULL = YES;
				CLANG_ANALYZER_NUMBER_OBJECT_CONVERSION = YES_AGGRESSIVE;
				CLANG_CXX_LANGUAGE_STANDARD = "gnu++20";
				CLANG_ENABLE_MODULES = YES;
				CLANG_ENABLE_OBJC_ARC = YES;
				CLANG_ENABLE_OBJC_WEAK = YES;
				CLANG_WARN_BLOCK_CAPTURE_AUTORELEASING = YES;
				CLANG_WARN_BOOL_CONVERSION = YES;
				CLANG_WARN_COMMA = YES;
				CLANG_WARN_CONSTANT_CONVERSION = YES;
				CLANG_WARN_DEPRECATED_OBJC_IMPLEMENTATIONS = YES;
				CLANG_WARN_DIRECT_OBJC_ISA_USAGE = YES_ERROR;
				CLANG_WARN_DOCUMENTATION_COMMENTS = YES;
				CLANG_WARN_EMPTY_BODY = YES;
				CLANG_WARN_ENUM_CONVERSION = YES;
				CLANG_WARN_INFINITE_RECURSION = YES;
				CLANG_WARN_INT_CONVERSION = YES;
				CLANG_WARN_NON_LITERAL_NULL_CONVERSION = YES;
				CLANG_WARN_OBJC_IMPLICIT_RETAIN_SELF = YES;
				CLANG_WARN_OBJC_LITERAL_CONVERSION = YES;
				CLANG_WARN_OBJC_ROOT_CLASS = YES_ERROR;
				CLANG_WARN_QUOTED_INCLUDE_IN_FRAMEWORK_HEADER = YES;
				CLANG_WARN_RANGE_LOOP_ANALYSIS = YES;
				CLANG_WARN_STRICT_PROTOTYPES = YES;
				CLANG_WARN_SUSPICIOUS_MOVE = YES;
				CLANG_WARN_UNGUARDED_AVAILABILITY = YES_AGGRESSIVE;
				CLANG_WARN_UNREACHABLE_CODE = YES;
				CLANG_WARN__DUPLICATE_METHOD_MATCH = YES;
				COPY_PHASE_STRIP = NO;
				DEBUG_INFORMATION_FORMAT = dwarf;
				ENABLE_STRICT_OBJC_MSGSEND = YES;
				ENABLE_TESTABILITY = YES;
				ENABLE_USER_SCRIPT_SANDBOXING = YES;
				GCC_C_LANGUAGE_STANDARD = gnu17;
				GCC_DYNAMIC_NO_PIC = NO;
				GCC_NO_COMMON_BLOCKS = YES;
				GCC_OPTIMIZATION_LEVEL = 0;
				GCC_PREPROCESSOR_DEFINITIONS = (
					"DEBUG=1",
					"$(inherited)",
				);
				GCC_WARN_64_TO_32_BIT_CONVERSION = YES;
				GCC_WARN_ABOUT_RETURN_TYPE = YES_ERROR;
				GCC_WARN_UNDECLARED_SELECTOR = YES;
				GCC_WARN_UNINITIALIZED_AUTOS = YES_AGGRESSIVE;
				GCC_WARN_UNUSED_FUNCTION = YES;
				GCC_WARN_UNUSED_VARIABLE = YES;
				IPHONEOS_DEPLOYMENT_TARGET = 18.2;
				LOCALIZATION_PREFERS_STRING_CATALOGS = YES;
				MTL_ENABLE_DEBUG_INFO = INCLUDE_SOURCE;
				MTL_FAST_MATH = YES;
				ONLY_ACTIVE_ARCH = YES;
				SDKROOT = iphoneos;
				SWIFT_ACTIVE_COMPILATION_CONDITIONS = "DEBUG $(inherited)";
				SWIFT_OPTIMIZATION_LEVEL = "-Onone";
			};
			name = Debug;
		};
		B6CA230E2D8BD14800D81C7D /* Release */ = {
			isa = XCBuildConfiguration;
			buildSettings = {
				ALWAYS_SEARCH_USER_PATHS = NO;
				ASSETCATALOG_COMPILER_GENERATE_SWIFT_ASSET_SYMBOL_EXTENSIONS = YES;
				CLANG_ANALYZER_NONNULL = YES;
				CLANG_ANALYZER_NUMBER_OBJECT_CONVERSION = YES_AGGRESSIVE;
				CLANG_CXX_LANGUAGE_STANDARD = "gnu++20";
				CLANG_ENABLE_MODULES = YES;
				CLANG_ENABLE_OBJC_ARC = YES;
				CLANG_ENABLE_OBJC_WEAK = YES;
				CLANG_WARN_BLOCK_CAPTURE_AUTORELEASING = YES;
				CLANG_WARN_BOOL_CONVERSION = YES;
				CLANG_WARN_COMMA = YES;
				CLANG_WARN_CONSTANT_CONVERSION = YES;
				CLANG_WARN_DEPRECATED_OBJC_IMPLEMENTATIONS = YES;
				CLANG_WARN_DIRECT_OBJC_ISA_USAGE = YES_ERROR;
				CLANG_WARN_DOCUMENTATION_COMMENTS = YES;
				CLANG_WARN_EMPTY_BODY = YES;
				CLANG_WARN_ENUM_CONVERSION = YES;
				CLANG_WARN_INFINITE_RECURSION = YES;
				CLANG_WARN_INT_CONVERSION = YES;
				CLANG_WARN_NON_LITERAL_NULL_CONVERSION = YES;
				CLANG_WARN_OBJC_IMPLICIT_RETAIN_SELF = YES;
				CLANG_WARN_OBJC_LITERAL_CONVERSION = YES;
				CLANG_WARN_OBJC_ROOT_CLASS = YES_ERROR;
				CLANG_WARN_QUOTED_INCLUDE_IN_FRAMEWORK_HEADER = YES;
				CLANG_WARN_RANGE_LOOP_ANALYSIS = YES;
				CLANG_WARN_STRICT_PROTOTYPES = YES;
				CLANG_WARN_SUSPICIOUS_MOVE = YES;
				CLANG_WARN_UNGUARDED_AVAILABILITY = YES_AGGRESSIVE;
				CLANG_WARN_UNREACHABLE_CODE = YES;
				CLANG_WARN__DUPLICATE_METHOD_MATCH = YES;
				COPY_PHASE_STRIP = NO;
				DEBUG_INFORMATION_FORMAT = "dwarf-with-dsym";
				ENABLE_NS_ASSERTIONS = NO;
				ENABLE_STRICT_OBJC_MSGSEND = YES;
				ENABLE_USER_SCRIPT_SANDBOXING = YES;
				GCC_C_LANGUAGE_STANDARD = gnu17;
				GCC_NO_COMMON_BLOCKS = YES;
				GCC_WARN_64_TO_32_BIT_CONVERSION = YES;
				GCC_WARN_ABOUT_RETURN_TYPE = YES_ERROR;
				GCC_WARN_UNDECLARED_SELECTOR = YES;
				GCC_WARN_UNINITIALIZED_AUTOS = YES_AGGRESSIVE;
				GCC_WARN_UNUSED_FUNCTION = YES;
				GCC_WARN_UNUSED_VARIABLE = YES;
				IPHONEOS_DEPLOYMENT_TARGET = 18.2;
				LOCALIZATION_PREFERS_STRING_CATALOGS = YES;
				MTL_ENABLE_DEBUG_INFO = NO;
				MTL_FAST_MATH = YES;
				SDKROOT = iphoneos;
				SWIFT_COMPILATION_MODE = wholemodule;
				VALIDATE_PRODUCT = YES;
			};
			name = Release;
		};
		B6CA23102D8BD14800D81C7D /* Debug */ = {
			isa = XCBuildConfiguration;
			buildSettings = {
				BUNDLE_LOADER = "$(TEST_HOST)";
				CODE_SIGN_STYLE = Automatic;
				CURRENT_PROJECT_VERSION = 1;
				DEVELOPMENT_TEAM = 8S39J449B7;
				GENERATE_INFOPLIST_FILE = YES;
				IPHONEOS_DEPLOYMENT_TARGET = 18.2;
				MARKETING_VERSION = 1.0;
				PRODUCT_BUNDLE_IDENTIFIER = bryanbram.foodiesTests;
				PRODUCT_NAME = "$(TARGET_NAME)";
				SWIFT_EMIT_LOC_STRINGS = NO;
				SWIFT_VERSION = 5.0;
				TARGETED_DEVICE_FAMILY = "1,2";
				TEST_HOST = "$(BUILT_PRODUCTS_DIR)/foodies.app/$(BUNDLE_EXECUTABLE_FOLDER_PATH)/foodies";
			};
			name = Debug;
		};
		B6CA23112D8BD14800D81C7D /* Release */ = {
			isa = XCBuildConfiguration;
			buildSettings = {
				BUNDLE_LOADER = "$(TEST_HOST)";
				CODE_SIGN_STYLE = Automatic;
				CURRENT_PROJECT_VERSION = 1;
				DEVELOPMENT_TEAM = 8S39J449B7;
				GENERATE_INFOPLIST_FILE = YES;
				IPHONEOS_DEPLOYMENT_TARGET = 18.2;
				MARKETING_VERSION = 1.0;
				PRODUCT_BUNDLE_IDENTIFIER = bryanbram.foodiesTests;
				PRODUCT_NAME = "$(TARGET_NAME)";
				SWIFT_EMIT_LOC_STRINGS = NO;
				SWIFT_VERSION = 5.0;
				TARGETED_DEVICE_FAMILY = "1,2";
				TEST_HOST = "$(BUILT_PRODUCTS_DIR)/foodies.app/$(BUNDLE_EXECUTABLE_FOLDER_PATH)/foodies";
			};
			name = Release;
		};
		B6CA23132D8BD14800D81C7D /* Debug */ = {
			isa = XCBuildConfiguration;
			buildSettings = {
				CODE_SIGN_STYLE = Automatic;
				CURRENT_PROJECT_VERSION = 1;
				DEVELOPMENT_TEAM = 8S39J449B7;
				GENERATE_INFOPLIST_FILE = YES;
				MARKETING_VERSION = 1.0;
				PRODUCT_BUNDLE_IDENTIFIER = bryanbram.foodiesUITests;
				PRODUCT_NAME = "$(TARGET_NAME)";
				SWIFT_EMIT_LOC_STRINGS = NO;
				SWIFT_VERSION = 5.0;
				TARGETED_DEVICE_FAMILY = "1,2";
				TEST_TARGET_NAME = foodies;
			};
			name = Debug;
		};
		B6CA23142D8BD14800D81C7D /* Release */ = {
			isa = XCBuildConfiguration;
			buildSettings = {
				CODE_SIGN_STYLE = Automatic;
				CURRENT_PROJECT_VERSION = 1;
				DEVELOPMENT_TEAM = 8S39J449B7;
				GENERATE_INFOPLIST_FILE = YES;
				MARKETING_VERSION = 1.0;
				PRODUCT_BUNDLE_IDENTIFIER = bryanbram.foodiesUITests;
				PRODUCT_NAME = "$(TARGET_NAME)";
				SWIFT_EMIT_LOC_STRINGS = NO;
				SWIFT_VERSION = 5.0;
				TARGETED_DEVICE_FAMILY = "1,2";
				TEST_TARGET_NAME = foodies;
			};
			name = Release;
		};
/* End XCBuildConfiguration section */

/* Begin XCConfigurationList section */
		B6CA22DE2D8BD14700D81C7D /* Build configuration list for PBXProject "foodies" */ = {
			isa = XCConfigurationList;
			buildConfigurations = (
				B6CA230D2D8BD14800D81C7D /* Debug */,
				B6CA230E2D8BD14800D81C7D /* Release */,
			);
			defaultConfigurationIsVisible = 0;
			defaultConfigurationName = Release;
		};
		B6CA230A2D8BD14800D81C7D /* Build configuration list for PBXNativeTarget "foodies" */ = {
			isa = XCConfigurationList;
			buildConfigurations = (
				B6CA230B2D8BD14800D81C7D /* Debug */,
				B6CA230C2D8BD14800D81C7D /* Release */,
			);
			defaultConfigurationIsVisible = 0;
			defaultConfigurationName = Release;
		};
		B6CA230F2D8BD14800D81C7D /* Build configuration list for PBXNativeTarget "foodiesTests" */ = {
			isa = XCConfigurationList;
			buildConfigurations = (
				B6CA23102D8BD14800D81C7D /* Debug */,
				B6CA23112D8BD14800D81C7D /* Release */,
			);
			defaultConfigurationIsVisible = 0;
			defaultConfigurationName = Release;
		};
		B6CA23122D8BD14800D81C7D /* Build configuration list for PBXNativeTarget "foodiesUITests" */ = {
			isa = XCConfigurationList;
			buildConfigurations = (
				B6CA23132D8BD14800D81C7D /* Debug */,
				B6CA23142D8BD14800D81C7D /* Release */,
			);
			defaultConfigurationIsVisible = 0;
			defaultConfigurationName = Release;
		};
/* End XCConfigurationList section */
	};
	rootObject = B6CA22DB2D8BD14700D81C7D /* Project object */;
}
